
Microsoft Visual Studio Solution File, Format Version 12.00
# Visual Studio 15
VisualStudioVersion = 15.0.27703.2035
MinimumVisualStudioVersion = 10.0.40219.1
Project("{FAE04EC0-301F-11D3-BF4B-00C04F79EFBC}") = "MPAPI", "src\MPAPI\MPAPI.csproj", "{8727458C-E531-44BA-9AF5-686B239A0F20}"
EndProject
Project("{FAE04EC0-301F-11D3-BF4B-00C04F79EFBC}") = "RegistrationServer", "src\RegistrationServer\RegistrationServer.csproj", "{47A22F9B-BC4B-4AC2-A569-36E11AC71B7D}"
EndProject
Project("{FAE04EC0-301F-11D3-BF4B-00C04F79EFBC}") = "NodeHost", "src\NodeHost\NodeHost.csproj", "{CAB8670A-440A-421A-888B-18B2A7C28C5D}"
EndProject
Project("{2150E333-8FDC-42A3-9474-1A3956D46DE8}") = "Examples", "Examples", "{16C938D7-CA5C-4141-B609-E7B11B635D68}"
EndProject
Project("{FAE04EC0-301F-11D3-BF4B-00C04F79EFBC}") = "PrimeCalculatorApp", "Examples\PrimeCalculatorApp\PrimeCalculatorApp.csproj", "{AFE3C62D-0788-4110-B720-2624BAEE9258}"
EndProject
Project("{FAE04EC0-301F-11D3-BF4B-00C04F79EFBC}") = "DistributedPrimeCalculatorApp", "Examples\DistributedPrimeCalculatorApp\DistributedPrimeCalculatorApp.csproj", "{36903FDC-3696-4265-9CDE-B4E22FD874C9}"
EndProject
Global
	GlobalSection(SolutionConfigurationPlatforms) = preSolution
		Debug|Any CPU = Debug|Any CPU
		Debug|Mixed Platforms = Debug|Mixed Platforms
		Debug|x86 = Debug|x86
		Release|Any CPU = Release|Any CPU
		Release|Mixed Platforms = Release|Mixed Platforms
		Release|x86 = Release|x86
	EndGlobalSection
	GlobalSection(ProjectConfigurationPlatforms) = postSolution
		{8727458C-E531-44BA-9AF5-686B239A0F20}.Debug|Any CPU.ActiveCfg = Debug|Any CPU
		{8727458C-E531-44BA-9AF5-686B239A0F20}.Debug|Any CPU.Build.0 = Debug|Any CPU
		{8727458C-E531-44BA-9AF5-686B239A0F20}.Debug|Mixed Platforms.ActiveCfg = Debug|Any CPU
		{8727458C-E531-44BA-9AF5-686B239A0F20}.Debug|Mixed Platforms.Build.0 = Debug|Any CPU
		{8727458C-E531-44BA-9AF5-686B239A0F20}.Debug|x86.ActiveCfg = Debug|Any CPU
		{8727458C-E531-44BA-9AF5-686B239A0F20}.Release|Any CPU.ActiveCfg = Release|Any CPU
		{8727458C-E531-44BA-9AF5-686B239A0F20}.Release|Any CPU.Build.0 = Release|Any CPU
		{8727458C-E531-44BA-9AF5-686B239A0F20}.Release|Mixed Platforms.ActiveCfg = Release|Any CPU
		{8727458C-E531-44BA-9AF5-686B239A0F20}.Release|Mixed Platforms.Build.0 = Release|Any CPU
		{8727458C-E531-44BA-9AF5-686B239A0F20}.Release|x86.ActiveCfg = Release|Any CPU
		{47A22F9B-BC4B-4AC2-A569-36E11AC71B7D}.Debug|Any CPU.ActiveCfg = Debug|Any CPU
		{47A22F9B-BC4B-4AC2-A569-36E11AC71B7D}.Debug|Any CPU.Build.0 = Debug|Any CPU
		{47A22F9B-BC4B-4AC2-A569-36E11AC71B7D}.Debug|Mixed Platforms.ActiveCfg = Debug|Any CPU
		{47A22F9B-BC4B-4AC2-A569-36E11AC71B7D}.Debug|Mixed Platforms.Build.0 = Debug|Any CPU
		{47A22F9B-BC4B-4AC2-A569-36E11AC71B7D}.Debug|x86.ActiveCfg = Debug|Any CPU
		{47A22F9B-BC4B-4AC2-A569-36E11AC71B7D}.Release|Any CPU.ActiveCfg = Release|Any CPU
		{47A22F9B-BC4B-4AC2-A569-36E11AC71B7D}.Release|Any CPU.Build.0 = Release|Any CPU
		{47A22F9B-BC4B-4AC2-A569-36E11AC71B7D}.Release|Mixed Platforms.ActiveCfg = Release|Any CPU
		{47A22F9B-BC4B-4AC2-A569-36E11AC71B7D}.Release|Mixed Platforms.Build.0 = Release|Any CPU
		{47A22F9B-BC4B-4AC2-A569-36E11AC71B7D}.Release|x86.ActiveCfg = Release|Any CPU
		{CAB8670A-440A-421A-888B-18B2A7C28C5D}.Debug|Any CPU.ActiveCfg = Debug|x86
		{CAB8670A-440A-421A-888B-18B2A7C28C5D}.Debug|Mixed Platforms.ActiveCfg = Debug|x86
		{CAB8670A-440A-421A-888B-18B2A7C28C5D}.Debug|Mixed Platforms.Build.0 = Debug|x86
		{CAB8670A-440A-421A-888B-18B2A7C28C5D}.Debug|x86.ActiveCfg = Debug|x86
		{CAB8670A-440A-421A-888B-18B2A7C28C5D}.Debug|x86.Build.0 = Debug|x86
		{CAB8670A-440A-421A-888B-18B2A7C28C5D}.Release|Any CPU.ActiveCfg = Release|x86
		{CAB8670A-440A-421A-888B-18B2A7C28C5D}.Release|Mixed Platforms.ActiveCfg = Release|x86
		{CAB8670A-440A-421A-888B-18B2A7C28C5D}.Release|Mixed Platforms.Build.0 = Release|x86
		{CAB8670A-440A-421A-888B-18B2A7C28C5D}.Release|x86.ActiveCfg = Release|x86
		{CAB8670A-440A-421A-888B-18B2A7C28C5D}.Release|x86.Build.0 = Release|x86
		{AFE3C62D-0788-4110-B720-2624BAEE9258}.Debug|Any CPU.ActiveCfg = Debug|Any CPU
		{AFE3C62D-0788-4110-B720-2624BAEE9258}.Debug|Any CPU.Build.0 = Debug|Any CPU
		{AFE3C62D-0788-4110-B720-2624BAEE9258}.Debug|Mixed Platforms.ActiveCfg = Debug|Any CPU
		{AFE3C62D-0788-4110-B720-2624BAEE9258}.Debug|Mixed Platforms.Build.0 = Debug|Any CPU
		{AFE3C62D-0788-4110-B720-2624BAEE9258}.Debug|x86.ActiveCfg = Debug|Any CPU
		{AFE3C62D-0788-4110-B720-2624BAEE9258}.Debug|x86.Build.0 = Debug|Any CPU
		{AFE3C62D-0788-4110-B720-2624BAEE9258}.Release|Any CPU.ActiveCfg = Release|Any CPU
		{AFE3C62D-0788-4110-B720-2624BAEE9258}.Release|Any CPU.Build.0 = Release|Any CPU
		{AFE3C62D-0788-4110-B720-2624BAEE9258}.Release|Mixed Platforms.ActiveCfg = Release|Any CPU
		{AFE3C62D-0788-4110-B720-2624BAEE9258}.Release|Mixed Platforms.Build.0 = Release|Any CPU
		{AFE3C62D-0788-4110-B720-2624BAEE9258}.Release|x86.ActiveCfg = Release|Any CPU
		{AFE3C62D-0788-4110-B720-2624BAEE9258}.Release|x86.Build.0 = Release|Any CPU
		{36903FDC-3696-4265-9CDE-B4E22FD874C9}.Debug|Any CPU.ActiveCfg = Debug|Any CPU
		{36903FDC-3696-4265-9CDE-B4E22FD874C9}.Debug|Any CPU.Build.0 = Debug|Any CPU
		{36903FDC-3696-4265-9CDE-B4E22FD874C9}.Debug|Mixed Platforms.ActiveCfg = Debug|Any CPU
		{36903FDC-3696-4265-9CDE-B4E22FD874C9}.Debug|Mixed Platforms.Build.0 = Debug|Any CPU
		{36903FDC-3696-4265-9CDE-B4E22FD874C9}.Debug|x86.ActiveCfg = Debug|Any CPU
		{36903FDC-3696-4265-9CDE-B4E22FD874C9}.Debug|x86.Build.0 = Debug|Any CPU
		{36903FDC-3696-4265-9CDE-B4E22FD874C9}.Release|Any CPU.ActiveCfg = Release|Any CPU
		{36903FDC-3696-4265-9CDE-B4E22FD874C9}.Release|Any CPU.Build.0 = Release|Any CPU
		{36903FDC-3696-4265-9CDE-B4E22FD874C9}.Release|Mixed Platforms.ActiveCfg = Release|Any CPU
		{36903FDC-3696-4265-9CDE-B4E22FD874C9}.Release|Mixed Platforms.Build.0 = Release|Any CPU
		{36903FDC-3696-4265-9CDE-B4E22FD874C9}.Release|x86.ActiveCfg = Release|Any CPU
		{36903FDC-3696-4265-9CDE-B4E22FD874C9}.Release|x86.Build.0 = Release|Any CPU
	EndGlobalSection
	GlobalSection(SolutionProperties) = preSolution
		HideSolutionNode = FALSE
	EndGlobalSection
	GlobalSection(NestedProjects) = preSolution
		{AFE3C62D-0788-4110-B720-2624BAEE9258} = {16C938D7-CA5C-4141-B609-E7B11B635D68}
		{36903FDC-3696-4265-9CDE-B4E22FD874C9} = {16C938D7-CA5C-4141-B609-E7B11B635D68}
	EndGlobalSection
	GlobalSection(ExtensibilityGlobals) = postSolution
		SolutionGuid = {9DD565E8-4FF9-40E4-8C6F-925A0A447E4F}
	EndGlobalSection
EndGlobal
